// !$*UTF8*$!
{
	archiveVersion = 1;
	classes = {
	};
	objectVersion = 56;
	objects = {

/* Begin PBXBuildFile section */
		6C3DC4412CD37CB500DD506A /* AppDelegate.swift in Sources */ = {isa = PBXBuildFile; fileRef = 6C3DC4402CD37CB500DD506A /* AppDelegate.swift */; };
		6C3DC4432CD37CB500DD506A /* SceneDelegate.swift in Sources */ = {isa = PBXBuildFile; fileRef = 6C3DC4422CD37CB500DD506A /* SceneDelegate.swift */; };
		6C3DC4452CD37CB500DD506A /* ViewController.swift in Sources */ = {isa = PBXBuildFile; fileRef = 6C3DC4442CD37CB500DD506A /* ViewController.swift */; };
		6C3DC4482CD37CB500DD506A /* Base in Resources */ = {isa = PBXBuildFile; fileRef = 6C3DC4472CD37CB500DD506A /* Base */; };
		6C3DC44A2CD37CB700DD506A /* Assets.xcassets in Resources */ = {isa = PBXBuildFile; fileRef = 6C3DC4492CD37CB700DD506A /* Assets.xcassets */; };
		6C3DC44D2CD37CB700DD506A /* Base in Resources */ = {isa = PBXBuildFile; fileRef = 6C3DC44C2CD37CB700DD506A /* Base */; };
		6C3DC4582CD37CB700DD506A /* CustomPopUpTests.swift in Sources */ = {isa = PBXBuildFile; fileRef = 6C3DC4572CD37CB700DD506A /* CustomPopUpTests.swift */; };
		6C3DC4622CD37CB700DD506A /* CustomPopUpUITests.swift in Sources */ = {isa = PBXBuildFile; fileRef = 6C3DC4612CD37CB700DD506A /* CustomPopUpUITests.swift */; };
		6C3DC4642CD37CB700DD506A /* CustomPopUpUITestsLaunchTests.swift in Sources */ = {isa = PBXBuildFile; fileRef = 6C3DC4632CD37CB700DD506A /* CustomPopUpUITestsLaunchTests.swift */; };
		6C3DC4712CD394D800DD506A /* PopUpUIView.swift in Sources */ = {isa = PBXBuildFile; fileRef = 6C3DC4702CD394D800DD506A /* PopUpUIView.swift */; };
		6C3DC4732CD3950000DD506A /* PopUp.xib in Resources */ = {isa = PBXBuildFile; fileRef = 6C3DC4722CD3950000DD506A /* PopUp.xib */; };
/* End PBXBuildFile section */

/* Begin PBXContainerItemProxy section */
		6C3DC4542CD37CB700DD506A /* PBXContainerItemProxy */ = {
			isa = PBXContainerItemProxy;
			containerPortal = 6C3DC4352CD37CB500DD506A /* Project object */;
			proxyType = 1;
			remoteGlobalIDString = 6C3DC43C2CD37CB500DD506A;
			remoteInfo = CustomPopUp;
		};
		6C3DC45E2CD37CB700DD506A /* PBXContainerItemProxy */ = {
			isa = PBXContainerItemProxy;
			containerPortal = 6C3DC4352CD37CB500DD506A /* Project object */;
			proxyType = 1;
			remoteGlobalIDString = 6C3DC43C2CD37CB500DD506A;
			remoteInfo = CustomPopUp;
		};
/* End PBXContainerItemProxy section */

/* Begin PBXFileReference section */
		6C3DC43D2CD37CB500DD506A /* CustomPopUp.app */ = {isa = PBXFileReference; explicitFileType = wrapper.application; includeInIndex = 0; path = CustomPopUp.app; sourceTree = BUILT_PRODUCTS_DIR; };
		6C3DC4402CD37CB500DD506A /* AppDelegate.swift */ = {isa = PBXFileReference; lastKnownFileType = sourcecode.swift; path = AppDelegate.swift; sourceTree = "<group>"; };
		6C3DC4422CD37CB500DD506A /* SceneDelegate.swift */ = {isa = PBXFileReference; lastKnownFileType = sourcecode.swift; path = SceneDelegate.swift; sourceTree = "<group>"; };
		6C3DC4442CD37CB500DD506A /* ViewController.swift */ = {isa = PBXFileReference; lastKnownFileType = sourcecode.swift; path = ViewController.swift; sourceTree = "<group>"; };
		6C3DC4472CD37CB500DD506A /* Base */ = {isa = PBXFileReference; lastKnownFileType = file.storyboard; name = Base; path = Base.lproj/Main.storyboard; sourceTree = "<group>"; };
		6C3DC4492CD37CB700DD506A /* Assets.xcassets */ = {isa = PBXFileReference; lastKnownFileType = folder.assetcatalog; path = Assets.xcassets; sourceTree = "<group>"; };
		6C3DC44C2CD37CB700DD506A /* Base */ = {isa = PBXFileReference; lastKnownFileType = file.storyboard; name = Base; path = Base.lproj/LaunchScreen.storyboard; sourceTree = "<group>"; };
		6C3DC44E2CD37CB700DD506A /* Info.plist */ = {isa = PBXFileReference; lastKnownFileType = text.plist.xml; path = Info.plist; sourceTree = "<group>"; };
		6C3DC4532CD37CB700DD506A /* CustomPopUpTests.xctest */ = {isa = PBXFileReference; explicitFileType = wrapper.cfbundle; includeInIndex = 0; path = CustomPopUpTests.xctest; sourceTree = BUILT_PRODUCTS_DIR; };
		6C3DC4572CD37CB700DD506A /* CustomPopUpTests.swift */ = {isa = PBXFileReference; lastKnownFileType = sourcecode.swift; path = CustomPopUpTests.swift; sourceTree = "<group>"; };
		6C3DC45D2CD37CB700DD506A /* CustomPopUpUITests.xctest */ = {isa = PBXFileReference; explicitFileType = wrapper.cfbundle; includeInIndex = 0; path = CustomPopUpUITests.xctest; sourceTree = BUILT_PRODUCTS_DIR; };
		6C3DC4612CD37CB700DD506A /* CustomPopUpUITests.swift */ = {isa = PBXFileReference; lastKnownFileType = sourcecode.swift; path = CustomPopUpUITests.swift; sourceTree = "<group>"; };
		6C3DC4632CD37CB700DD506A /* CustomPopUpUITestsLaunchTests.swift */ = {isa = PBXFileReference; lastKnownFileType = sourcecode.swift; path = CustomPopUpUITestsLaunchTests.swift; sourceTree = "<group>"; };
		6C3DC4702CD394D800DD506A /* PopUpUIView.swift */ = {isa = PBXFileReference; lastKnownFileType = sourcecode.swift; path = PopUpUIView.swift; sourceTree = "<group>"; };
		6C3DC4722CD3950000DD506A /* PopUp.xib */ = {isa = PBXFileReference; lastKnownFileType = file.xib; path = PopUp.xib; sourceTree = "<group>"; };
/* End PBXFileReference section */

/* Begin PBXFrameworksBuildPhase section */
		6C3DC43A2CD37CB500DD506A /* Frameworks */ = {
			isa = PBXFrameworksBuildPhase;
			buildActionMask = 2147483647;
			files = (
			);
			runOnlyForDeploymentPostprocessing = 0;
		};
		6C3DC4502CD37CB700DD506A /* Frameworks */ = {
			isa = PBXFrameworksBuildPhase;
			buildActionMask = 2147483647;
			files = (
			);
			runOnlyForDeploymentPostprocessing = 0;
		};
		6C3DC45A2CD37CB700DD506A /* Frameworks */ = {
			isa = PBXFrameworksBuildPhase;
			buildActionMask = 2147483647;
			files = (
			);
			runOnlyForDeploymentPostprocessing = 0;
		};
/* End PBXFrameworksBuildPhase section */

/* Begin PBXGroup section */
		6C3DC4342CD37CB500DD506A = {
			isa = PBXGroup;
			children = (
				6C3DC43F2CD37CB500DD506A /* CustomPopUp */,
				6C3DC4562CD37CB700DD506A /* CustomPopUpTests */,
				6C3DC4602CD37CB700DD506A /* CustomPopUpUITests */,
				6C3DC43E2CD37CB500DD506A /* Products */,
			);
			sourceTree = "<group>";
		};
		6C3DC43E2CD37CB500DD506A /* Products */ = {
			isa = PBXGroup;
			children = (
				6C3DC43D2CD37CB500DD506A /* CustomPopUp.app */,
				6C3DC4532CD37CB700DD506A /* CustomPopUpTests.xctest */,
				6C3DC45D2CD37CB700DD506A /* CustomPopUpUITests.xctest */,
			);
			name = Products;
			sourceTree = "<group>";
		};
		6C3DC43F2CD37CB500DD506A /* CustomPopUp */ = {
			isa = PBXGroup;
			children = (
				6C3DC4402CD37CB500DD506A /* AppDelegate.swift */,
				6C3DC4422CD37CB500DD506A /* SceneDelegate.swift */,
				6C3DC4442CD37CB500DD506A /* ViewController.swift */,
				6C3DC4702CD394D800DD506A /* PopUpUIView.swift */,
				6C3DC4462CD37CB500DD506A /* Main.storyboard */,
				6C3DC4722CD3950000DD506A /* PopUp.xib */,
				6C3DC4492CD37CB700DD506A /* Assets.xcassets */,
				6C3DC44B2CD37CB700DD506A /* LaunchScreen.storyboard */,
				6C3DC44E2CD37CB700DD506A /* Info.plist */,
			);
			path = CustomPopUp;
			sourceTree = "<group>";
		};
		6C3DC4562CD37CB700DD506A /* CustomPopUpTests */ = {
			isa = PBXGroup;
			children = (
				6C3DC4572CD37CB700DD506A /* CustomPopUpTests.swift */,
			);
			path = CustomPopUpTests;
			sourceTree = "<group>";
		};
		6C3DC4602CD37CB700DD506A /* CustomPopUpUITests */ = {
			isa = PBXGroup;
			children = (
				6C3DC4612CD37CB700DD506A /* CustomPopUpUITests.swift */,
				6C3DC4632CD37CB700DD506A /* CustomPopUpUITestsLaunchTests.swift */,
			);
			path = CustomPopUpUITests;
			sourceTree = "<group>";
		};
/* End PBXGroup section */

/* Begin PBXNativeTarget section */
		6C3DC43C2CD37CB500DD506A /* CustomPopUp */ = {
			isa = PBXNativeTarget;
			buildConfigurationList = 6C3DC4672CD37CB700DD506A /* Build configuration list for PBXNativeTarget "CustomPopUp" */;
			buildPhases = (
				6C3DC4392CD37CB500DD506A /* Sources */,
				6C3DC43A2CD37CB500DD506A /* Frameworks */,
				6C3DC43B2CD37CB500DD506A /* Resources */,
			);
			buildRules = (
			);
			dependencies = (
			);
			name = CustomPopUp;
			productName = CustomPopUp;
			productReference = 6C3DC43D2CD37CB500DD506A /* CustomPopUp.app */;
			productType = "com.apple.product-type.application";
		};
		6C3DC4522CD37CB700DD506A /* CustomPopUpTests */ = {
			isa = PBXNativeTarget;
			buildConfigurationList = 6C3DC46A2CD37CB700DD506A /* Build configuration list for PBXNativeTarget "CustomPopUpTests" */;
			buildPhases = (
				6C3DC44F2CD37CB700DD506A /* Sources */,
				6C3DC4502CD37CB700DD506A /* Frameworks */,
				6C3DC4512CD37CB700DD506A /* Resources */,
			);
			buildRules = (
			);
			dependencies = (
				6C3DC4552CD37CB700DD506A /* PBXTargetDependency */,
			);
			name = CustomPopUpTests;
			productName = CustomPopUpTests;
			productReference = 6C3DC4532CD37CB700DD506A /* CustomPopUpTests.xctest */;
			productType = "com.apple.product-type.bundle.unit-test";
		};
		6C3DC45C2CD37CB700DD506A /* CustomPopUpUITests */ = {
			isa = PBXNativeTarget;
			buildConfigurationList = 6C3DC46D2CD37CB700DD506A /* Build configuration list for PBXNativeTarget "CustomPopUpUITests" */;
			buildPhases = (
				6C3DC4592CD37CB700DD506A /* Sources */,
				6C3DC45A2CD37CB700DD506A /* Frameworks */,
				6C3DC45B2CD37CB700DD506A /* Resources */,
			);
			buildRules = (
			);
			dependencies = (
				6C3DC45F2CD37CB700DD506A /* PBXTargetDependency */,
			);
			name = CustomPopUpUITests;
			productName = CustomPopUpUITests;
			productReference = 6C3DC45D2CD37CB700DD506A /* CustomPopUpUITests.xctest */;
			productType = "com.apple.product-type.bundle.ui-testing";
		};
/* End PBXNativeTarget section */

/* Begin PBXProject section */
		6C3DC4352CD37CB500DD506A /* Project object */ = {
			isa = PBXProject;
			attributes = {
				BuildIndependentTargetsInParallel = 1;
				LastSwiftUpdateCheck = 1540;
				LastUpgradeCheck = 1540;
				TargetAttributes = {
					6C3DC43C2CD37CB500DD506A = {
						CreatedOnToolsVersion = 15.4;
					};
					6C3DC4522CD37CB700DD506A = {
						CreatedOnToolsVersion = 15.4;
						TestTargetID = 6C3DC43C2CD37CB500DD506A;
					};
					6C3DC45C2CD37CB700DD506A = {
						CreatedOnToolsVersion = 15.4;
						TestTargetID = 6C3DC43C2CD37CB500DD506A;
					};
				};
			};
			buildConfigurationList = 6C3DC4382CD37CB500DD506A /* Build configuration list for PBXProject "CustomPopUp" */;
			compatibilityVersion = "Xcode 14.0";
			developmentRegion = en;
			hasScannedForEncodings = 0;
			knownRegions = (
				en,
				Base,
			);
			mainGroup = 6C3DC4342CD37CB500DD506A;
			productRefGroup = 6C3DC43E2CD37CB500DD506A /* Products */;
			projectDirPath = "";
			projectRoot = "";
			targets = (
				6C3DC43C2CD37CB500DD506A /* CustomPopUp */,
				6C3DC4522CD37CB700DD506A /* CustomPopUpTests */,
				6C3DC45C2CD37CB700DD506A /* CustomPopUpUITests */,
			);
		};
/* End PBXProject section */

/* Begin PBXResourcesBuildPhase section */
		6C3DC43B2CD37CB500DD506A /* Resources */ = {
			isa = PBXResourcesBuildPhase;
			buildActionMask = 2147483647;
			files = (
				6C3DC44A2CD37CB700DD506A /* Assets.xcassets in Resources */,
				6C3DC44D2CD37CB700DD506A /* Base in Resources */,
				6C3DC4732CD3950000DD506A /* PopUp.xib in Resources */,
				6C3DC4482CD37CB500DD506A /* Base in Resources */,
			);
			runOnlyForDeploymentPostprocessing = 0;
		};
		6C3DC4512CD37CB700DD506A /* Resources */ = {
			isa = PBXResourcesBuildPhase;
			buildActionMask = 2147483647;
			files = (
			);
			runOnlyForDeploymentPostprocessing = 0;
		};
		6C3DC45B2CD37CB700DD506A /* Resources */ = {
			isa = PBXResourcesBuildPhase;
			buildActionMask = 2147483647;
			files = (
			);
			runOnlyForDeploymentPostprocessing = 0;
		};
/* End PBXResourcesBuildPhase section */

/* Begin PBXSourcesBuildPhase section */
		6C3DC4392CD37CB500DD506A /* Sources */ = {
			isa = PBXSourcesBuildPhase;
			buildActionMask = 2147483647;
			files = (
				6C3DC4452CD37CB500DD506A /* ViewController.swift in Sources */,
				6C3DC4712CD394D800DD506A /* PopUpUIView.swift in Sources */,
				6C3DC4412CD37CB500DD506A /* AppDelegate.swift in Sources */,
				6C3DC4432CD37CB500DD506A /* SceneDelegate.swift in Sources */,
			);
			runOnlyForDeploymentPostprocessing = 0;
		};
		6C3DC44F2CD37CB700DD506A /* Sources */ = {
			isa = PBXSourcesBuildPhase;
			buildActionMask = 2147483647;
			files = (
				6C3DC4582CD37CB700DD506A /* CustomPopUpTests.swift in Sources */,
			);
			runOnlyForDeploymentPostprocessing = 0;
		};
		6C3DC4592CD37CB700DD506A /* Sources */ = {
			isa = PBXSourcesBuildPhase;
			buildActionMask = 2147483647;
			files = (
				6C3DC4642CD37CB700DD506A /* CustomPopUpUITestsLaunchTests.swift in Sources */,
				6C3DC4622CD37CB700DD506A /* CustomPopUpUITests.swift in Sources */,
			);
			runOnlyForDeploymentPostprocessing = 0;
		};
/* End PBXSourcesBuildPhase section */

/* Begin PBXTargetDependency section */
		6C3DC4552CD37CB700DD506A /* PBXTargetDependency */ = {
			isa = PBXTargetDependency;
			target = 6C3DC43C2CD37CB500DD506A /* CustomPopUp */;
			targetProxy = 6C3DC4542CD37CB700DD506A /* PBXContainerItemProxy */;
		};
		6C3DC45F2CD37CB700DD506A /* PBXTargetDependency */ = {
			isa = PBXTargetDependency;
			target = 6C3DC43C2CD37CB500DD506A /* CustomPopUp */;
			targetProxy = 6C3DC45E2CD37CB700DD506A /* PBXContainerItemProxy */;
		};
/* End PBXTargetDependency section */

/* Begin PBXVariantGroup section */
		6C3DC4462CD37CB500DD506A /* Main.storyboard */ = {
			isa = PBXVariantGroup;
			children = (
				6C3DC4472CD37CB500DD506A /* Base */,
			);
			name = Main.storyboard;
			sourceTree = "<group>";
		};
		6C3DC44B2CD37CB700DD506A /* LaunchScreen.storyboard */ = {
			isa = PBXVariantGroup;
			children = (
				6C3DC44C2CD37CB700DD506A /* Base */,
			);
			name = LaunchScreen.storyboard;
			sourceTree = "<group>";
		};
/* End PBXVariantGroup section */

/* Begin XCBuildConfiguration section */
		6C3DC4652CD37CB700DD506A /* Debug */ = {
			isa = XCBuildConfiguration;
			buildSettings = {
				ALWAYS_SEARCH_USER_PATHS = NO;
				ASSETCATALOG_COMPILER_GENERATE_SWIFT_ASSET_SYMBOL_EXTENSIONS = YES;
				CLANG_ANALYZER_NONNULL = YES;
				CLANG_ANALYZER_NUMBER_OBJECT_CONVERSION = YES_AGGRESSIVE;
				CLANG_CXX_LANGUAGE_STANDARD = "gnu++20";
				CLANG_ENABLE_MODULES = YES;
				CLANG_ENABLE_OBJC_ARC = YES;
				CLANG_ENABLE_OBJC_WEAK = YES;
				CLANG_WARN_BLOCK_CAPTURE_AUTORELEASING = YES;
				CLANG_WARN_BOOL_CONVERSION = YES;
				CLANG_WARN_COMMA = YES;
				CLANG_WARN_CONSTANT_CONVERSION = YES;
				CLANG_WARN_DEPRECATED_OBJC_IMPLEMENTATIONS = YES;
				CLANG_WARN_DIRECT_OBJC_ISA_USAGE = YES_ERROR;
				CLANG_WARN_DOCUMENTATION_COMMENTS = YES;
				CLANG_WARN_EMPTY_BODY = YES;
				CLANG_WARN_ENUM_CONVERSION = YES;
				CLANG_WARN_INFINITE_RECURSION = YES;
				CLANG_WARN_INT_CONVERSION = YES;
				CLANG_WARN_NON_LITERAL_NULL_CONVERSION = YES;
				CLANG_WARN_OBJC_IMPLICIT_RETAIN_SELF = YES;
				CLANG_WARN_OBJC_LITERAL_CONVERSION = YES;
				CLANG_WARN_OBJC_ROOT_CLASS = YES_ERROR;
				CLANG_WARN_QUOTED_INCLUDE_IN_FRAMEWORK_HEADER = YES;
				CLANG_WARN_RANGE_LOOP_ANALYSIS = YES;
				CLANG_WARN_STRICT_PROTOTYPES = YES;
				CLANG_WARN_SUSPICIOUS_MOVE = YES;
				CLANG_WARN_UNGUARDED_AVAILABILITY = YES_AGGRESSIVE;
				CLANG_WARN_UNREACHABLE_CODE = YES;
				CLANG_WARN__DUPLICATE_METHOD_MATCH = YES;
				COPY_PHASE_STRIP = NO;
				DEBUG_INFORMATION_FORMAT = dwarf;
				ENABLE_STRICT_OBJC_MSGSEND = YES;
				ENABLE_TESTABILITY = YES;
				ENABLE_USER_SCRIPT_SANDBOXING = YES;
				GCC_C_LANGUAGE_STANDARD = gnu17;
				GCC_DYNAMIC_NO_PIC = NO;
				GCC_NO_COMMON_BLOCKS = YES;
				GCC_OPTIMIZATION_LEVEL = 0;
				GCC_PREPROCESSOR_DEFINITIONS = (
					"DEBUG=1",
					"$(inherited)",
				);
				GCC_WARN_64_TO_32_BIT_CONVERSION = YES;
				GCC_WARN_ABOUT_RETURN_TYPE = YES_ERROR;
				GCC_WARN_UNDECLARED_SELECTOR = YES;
				GCC_WARN_UNINITIALIZED_AUTOS = YES_AGGRESSIVE;
				GCC_WARN_UNUSED_FUNCTION = YES;
				GCC_WARN_UNUSED_VARIABLE = YES;
				IPHONEOS_DEPLOYMENT_TARGET = 17.5;
				LOCALIZATION_PREFERS_STRING_CATALOGS = YES;
				MTL_ENABLE_DEBUG_INFO = INCLUDE_SOURCE;
				MTL_FAST_MATH = YES;
				ONLY_ACTIVE_ARCH = YES;
				SDKROOT = iphoneos;
				SWIFT_ACTIVE_COMPILATION_CONDITIONS = "DEBUG $(inherited)";
				SWIFT_OPTIMIZATION_LEVEL = "-Onone";
			};
			name = Debug;
		};
		6C3DC4662CD37CB700DD506A /* Release */ = {
			isa = XCBuildConfiguration;
			buildSettings = {
				ALWAYS_SEARCH_USER_PATHS = NO;
				ASSETCATALOG_COMPILER_GENERATE_SWIFT_ASSET_SYMBOL_EXTENSIONS = YES;
				CLANG_ANALYZER_NONNULL = YES;
				CLANG_ANALYZER_NUMBER_OBJECT_CONVERSION = YES_AGGRESSIVE;
				CLANG_CXX_LANGUAGE_STANDARD = "gnu++20";
				CLANG_ENABLE_MODULES = YES;
				CLANG_ENABLE_OBJC_ARC = YES;
				CLANG_ENABLE_OBJC_WEAK = YES;
				CLANG_WARN_BLOCK_CAPTURE_AUTORELEASING = YES;
				CLANG_WARN_BOOL_CONVERSION = YES;
				CLANG_WARN_COMMA = YES;
				CLANG_WARN_CONSTANT_CONVERSION = YES;
				CLANG_WARN_DEPRECATED_OBJC_IMPLEMENTATIONS = YES;
				CLANG_WARN_DIRECT_OBJC_ISA_USAGE = YES_ERROR;
				CLANG_WARN_DOCUMENTATION_COMMENTS = YES;
				CLANG_WARN_EMPTY_BODY = YES;
				CLANG_WARN_ENUM_CONVERSION = YES;
				CLANG_WARN_INFINITE_RECURSION = YES;
				CLANG_WARN_INT_CONVERSION = YES;
				CLANG_WARN_NON_LITERAL_NULL_CONVERSION = YES;
				CLANG_WARN_OBJC_IMPLICIT_RETAIN_SELF = YES;
				CLANG_WARN_OBJC_LITERAL_CONVERSION = YES;
				CLANG_WARN_OBJC_ROOT_CLASS = YES_ERROR;
				CLANG_WARN_QUOTED_INCLUDE_IN_FRAMEWORK_HEADER = YES;
				CLANG_WARN_RANGE_LOOP_ANALYSIS = YES;
				CLANG_WARN_STRICT_PROTOTYPES = YES;
				CLANG_WARN_SUSPICIOUS_MOVE = YES;
				CLANG_WARN_UNGUARDED_AVAILABILITY = YES_AGGRESSIVE;
				CLANG_WARN_UNREACHABLE_CODE = YES;
				CLANG_WARN__DUPLICATE_METHOD_MATCH = YES;
				COPY_PHASE_STRIP = NO;
				DEBUG_INFORMATION_FORMAT = "dwarf-with-dsym";
				ENABLE_NS_ASSERTIONS = NO;
				ENABLE_STRICT_OBJC_MSGSEND = YES;
				ENABLE_USER_SCRIPT_SANDBOXING = YES;
				GCC_C_LANGUAGE_STANDARD = gnu17;
				GCC_NO_COMMON_BLOCKS = YES;
				GCC_WARN_64_TO_32_BIT_CONVERSION = YES;
				GCC_WARN_ABOUT_RETURN_TYPE = YES_ERROR;
				GCC_WARN_UNDECLARED_SELECTOR = YES;
				GCC_WARN_UNINITIALIZED_AUTOS = YES_AGGRESSIVE;
				GCC_WARN_UNUSED_FUNCTION = YES;
				GCC_WARN_UNUSED_VARIABLE = YES;
				IPHONEOS_DEPLOYMENT_TARGET = 17.5;
				LOCALIZATION_PREFERS_STRING_CATALOGS = YES;
				MTL_ENABLE_DEBUG_INFO = NO;
				MTL_FAST_MATH = YES;
				SDKROOT = iphoneos;
				SWIFT_COMPILATION_MODE = wholemodule;
				VALIDATE_PRODUCT = YES;
			};
			name = Release;
		};
		6C3DC4682CD37CB700DD506A /* Debug */ = {
			isa = XCBuildConfiguration;
			buildSettings = {
				ASSETCATALOG_COMPILER_APPICON_NAME = AppIcon;
				ASSETCATALOG_COMPILER_GLOBAL_ACCENT_COLOR_NAME = AccentColor;
				CODE_SIGN_STYLE = Automatic;
				CURRENT_PROJECT_VERSION = 1;
				DEVELOPMENT_TEAM = 4D339RXXN8;
				GENERATE_INFOPLIST_FILE = YES;
				INFOPLIST_FILE = CustomPopUp/Info.plist;
				INFOPLIST_KEY_UIApplicationSupportsIndirectInputEvents = YES;
				INFOPLIST_KEY_UILaunchStoryboardName = LaunchScreen;
				INFOPLIST_KEY_UIMainStoryboardFile = Main;
				INFOPLIST_KEY_UISupportedInterfaceOrientations_iPad = "UIInterfaceOrientationPortrait UIInterfaceOrientationPortraitUpsideDown UIInterfaceOrientationLandscapeLeft UIInterfaceOrientationLandscapeRight";
				INFOPLIST_KEY_UISupportedInterfaceOrientations_iPhone = "UIInterfaceOrientationPortrait UIInterfaceOrientationLandscapeLeft UIInterfaceOrientationLandscapeRight";
				LD_RUNPATH_SEARCH_PATHS = (
					"$(inherited)",
					"@executable_path/Frameworks",
				);
				MARKETING_VERSION = 1.0;
				PRODUCT_BUNDLE_IDENTIFIER = com.sametarabaci.CustomPopUp;
				PRODUCT_NAME = "$(TARGET_NAME)";
				SWIFT_EMIT_LOC_STRINGS = YES;
				SWIFT_VERSION = 5.0;
				TARGETED_DEVICE_FAMILY = "1,2";
			};
			name = Debug;
		};
		6C3DC4692CD37CB700DD506A /* Release */ = {
			isa = XCBuildConfiguration;
			buildSettings = {
				ASSETCATALOG_COMPILER_APPICON_NAME = AppIcon;
				ASSETCATALOG_COMPILER_GLOBAL_ACCENT_COLOR_NAME = AccentColor;
				CODE_SIGN_STYLE = Automatic;
				CURRENT_PROJECT_VERSION = 1;
				DEVELOPMENT_TEAM = 4D339RXXN8;
				GENERATE_INFOPLIST_FILE = YES;
				INFOPLIST_FILE = CustomPopUp/Info.plist;
				INFOPLIST_KEY_UIApplicationSupportsIndirectInputEvents = YES;
				INFOPLIST_KEY_UILaunchStoryboardName = LaunchScreen;
				INFOPLIST_KEY_UIMainStoryboardFile = Main;
				INFOPLIST_KEY_UISupportedInterfaceOrientations_iPad = "UIInterfaceOrientationPortrait UIInterfaceOrientationPortraitUpsideDown UIInterfaceOrientationLandscapeLeft UIInterfaceOrientationLandscapeRight";
				INFOPLIST_KEY_UISupportedInterfaceOrientations_iPhone = "UIInterfaceOrientationPortrait UIInterfaceOrientationLandscapeLeft UIInterfaceOrientationLandscapeRight";
				LD_RUNPATH_SEARCH_PATHS = (
					"$(inherited)",
					"@executable_path/Frameworks",
				);
				MARKETING_VERSION = 1.0;
				PRODUCT_BUNDLE_IDENTIFIER = com.sametarabaci.CustomPopUp;
				PRODUCT_NAME = "$(TARGET_NAME)";
				SWIFT_EMIT_LOC_STRINGS = YES;
				SWIFT_VERSION = 5.0;
				TARGETED_DEVICE_FAMILY = "1,2";
			};
			name = Release;
		};
		6C3DC46B2CD37CB700DD506A /* Debug */ = {
			isa = XCBuildConfiguration;
			buildSettings = {
				ALWAYS_EMBED_SWIFT_STANDARD_LIBRARIES = YES;
				BUNDLE_LOADER = "$(TEST_HOST)";
				CODE_SIGN_STYLE = Automatic;
				CURRENT_PROJECT_VERSION = 1;
				DEVELOPMENT_TEAM = 4D339RXXN8;
				GENERATE_INFOPLIST_FILE = YES;
				IPHONEOS_DEPLOYMENT_TARGET = 17.5;
				MARKETING_VERSION = 1.0;
				PRODUCT_BUNDLE_IDENTIFIER = com.sametarabaci.CustomPopUpTests;
				PRODUCT_NAME = "$(TARGET_NAME)";
				SWIFT_EMIT_LOC_STRINGS = NO;
				SWIFT_VERSION = 5.0;
				TARGETED_DEVICE_FAMILY = "1,2";
				TEST_HOST = "$(BUILT_PRODUCTS_DIR)/CustomPopUp.app/$(BUNDLE_EXECUTABLE_FOLDER_PATH)/CustomPopUp";
			};
			name = Debug;
		};
		6C3DC46C2CD37CB700DD506A /* Release */ = {
			isa = XCBuildConfiguration;
			buildSettings = {
				ALWAYS_EMBED_SWIFT_STANDARD_LIBRARIES = YES;
				BUNDLE_LOADER = "$(TEST_HOST)";
				CODE_SIGN_STYLE = Automatic;
				CURRENT_PROJECT_VERSION = 1;
				DEVELOPMENT_TEAM = 4D339RXXN8;
				GENERATE_INFOPLIST_FILE = YES;
				IPHONEOS_DEPLOYMENT_TARGET = 17.5;
				MARKETING_VERSION = 1.0;
				PRODUCT_BUNDLE_IDENTIFIER = com.sametarabaci.CustomPopUpTests;
				PRODUCT_NAME = "$(TARGET_NAME)";
				SWIFT_EMIT_LOC_STRINGS = NO;
				SWIFT_VERSION = 5.0;
				TARGETED_DEVICE_FAMILY = "1,2";
				TEST_HOST = "$(BUILT_PRODUCTS_DIR)/CustomPopUp.app/$(BUNDLE_EXECUTABLE_FOLDER_PATH)/CustomPopUp";
			};
			name = Release;
		};
		6C3DC46E2CD37CB700DD506A /* Debug */ = {
			isa = XCBuildConfiguration;
			buildSettings = {
				ALWAYS_EMBED_SWIFT_STANDARD_LIBRARIES = YES;
				CODE_SIGN_STYLE = Automatic;
				CURRENT_PROJECT_VERSION = 1;
				DEVELOPMENT_TEAM = 4D339RXXN8;
				GENERATE_INFOPLIST_FILE = YES;
				MARKETING_VERSION = 1.0;
				PRODUCT_BUNDLE_IDENTIFIER = com.sametarabaci.CustomPopUpUITests;
				PRODUCT_NAME = "$(TARGET_NAME)";
				SWIFT_EMIT_LOC_STRINGS = NO;
				SWIFT_VERSION = 5.0;
				TARGETED_DEVICE_FAMILY = "1,2";
				TEST_TARGET_NAME = CustomPopUp;
			};
			name = Debug;
		};
		6C3DC46F2CD37CB700DD506A /* Release */ = {
			isa = XCBuildConfiguration;
			buildSettings = {
				ALWAYS_EMBED_SWIFT_STANDARD_LIBRARIES = YES;
				CODE_SIGN_STYLE = Automatic;
				CURRENT_PROJECT_VERSION = 1;
				DEVELOPMENT_TEAM = 4D339RXXN8;
				GENERATE_INFOPLIST_FILE = YES;
				MARKETING_VERSION = 1.0;
				PRODUCT_BUNDLE_IDENTIFIER = com.sametarabaci.CustomPopUpUITests;
				PRODUCT_NAME = "$(TARGET_NAME)";
				SWIFT_EMIT_LOC_STRINGS = NO;
				SWIFT_VERSION = 5.0;
				TARGETED_DEVICE_FAMILY = "1,2";
				TEST_TARGET_NAME = CustomPopUp;
			};
			name = Release;
		};
/* End XCBuildConfiguration section */

/* Begin XCConfigurationList section */
		6C3DC4382CD37CB500DD506A /* Build configuration list for PBXProject "CustomPopUp" */ = {
			isa = XCConfigurationList;
			buildConfigurations = (
				6C3DC4652CD37CB700DD506A /* Debug */,
				6C3DC4662CD37CB700DD506A /* Release */,
			);
			defaultConfigurationIsVisible = 0;
			defaultConfigurationName = Release;
		};
		6C3DC4672CD37CB700DD506A /* Build configuration list for PBXNativeTarget "CustomPopUp" */ = {
			isa = XCConfigurationList;
			buildConfigurations = (
				6C3DC4682CD37CB700DD506A /* Debug */,
				6C3DC4692CD37CB700DD506A /* Release */,
			);
			defaultConfigurationIsVisible = 0;
			defaultConfigurationName = Release;
		};
		6C3DC46A2CD37CB700DD506A /* Build configuration list for PBXNativeTarget "CustomPopUpTests" */ = {
			isa = XCConfigurationList;
			buildConfigurations = (
				6C3DC46B2CD37CB700DD506A /* Debug */,
				6C3DC46C2CD37CB700DD506A /* Release */,
			);
			defaultConfigurationIsVisible = 0;
			defaultConfigurationName = Release;
		};
		6C3DC46D2CD37CB700DD506A /* Build configuration list for PBXNativeTarget "CustomPopUpUITests" */ = {
			isa = XCConfigurationList;
			buildConfigurations = (
				6C3DC46E2CD37CB700DD506A /* Debug */,
				6C3DC46F2CD37CB700DD506A /* Release */,
			);
			defaultConfigurationIsVisible = 0;
			defaultConfigurationName = Release;
		};
/* End XCConfigurationList section */
	};
	rootObject = 6C3DC4352CD37CB500DD506A /* Project object */;
}
